
Microsoft Visual Studio Solution File, Format Version 12.00
# Visual Studio Version 16
VisualStudioVersion = 16.0.29209.62
MinimumVisualStudioVersion = 10.0.40219.1
Project("{FAE04EC0-301F-11D3-BF4B-00C04F79EFBC}") = "Gestionnaire_fichier_config", "Gestionnaire_fichier_config\Gestionnaire_fichier_config.csproj", "{66D770F0-445D-49E7-9C48-B1E42062E3C1}"
EndProject
Project("{FAE04EC0-301F-11D3-BF4B-00C04F79EFBC}") = "Toolbox", "..\..\..\..\..\..\Toolbox\Toolbox\Toolbox.csproj", "{322FBEE7-5715-4C33-B249-3B2FFA77F8BA}"
EndProject
Global
	GlobalSection(SolutionConfigurationPlatforms) = preSolution
		Debug|Any CPU = Debug|Any CPU
		Release|Any CPU = Release|Any CPU
	EndGlobalSection
	GlobalSection(ProjectConfigurationPlatforms) = postSolution
		{66D770F0-445D-49E7-9C48-B1E42062E3C1}.Debug|Any CPU.ActiveCfg = Debug|Any CPU
		{66D770F0-445D-49E7-9C48-B1E42062E3C1}.Debug|Any CPU.Build.0 = Debug|Any CPU
		{66D770F0-445D-49E7-9C48-B1E42062E3C1}.Release|Any CPU.ActiveCfg = Release|Any CPU
		{66D770F0-445D-49E7-9C48-B1E42062E3C1}.Release|Any CPU.Build.0 = Release|Any CPU
		{322FBEE7-5715-4C33-B249-3B2FFA77F8BA}.Debug|Any CPU.ActiveCfg = Debug|Any CPU
		{322FBEE7-5715-4C33-B249-3B2FFA77F8BA}.Debug|Any CPU.Build.0 = Debug|Any CPU
		{322FBEE7-5715-4C33-B249-3B2FFA77F8BA}.Release|Any CPU.ActiveCfg = Release|Any CPU
		{322FBEE7-5715-4C33-B249-3B2FFA77F8BA}.Release|Any CPU.Build.0 = Release|Any CPU
	EndGlobalSection
	GlobalSection(SolutionProperties) = preSolution
		HideSolutionNode = FALSE
	EndGlobalSection
	GlobalSection(ExtensibilityGlobals) = postSolution
		SolutionGuid = {6CAB46E6-697E-450A-BA52-051AC21A343E}
	EndGlobalSection
EndGlobal
